[[package]]
name = "numpy"
version = "1.24.0"
description = "Fundamental package for array computing in Python"
category = "main"
optional = false
python-versions = ">=3.8"

[[package]]
name = "pandas"
version = "1.5.2"
description = "Powerful data structures for data analysis, time series, and statistics"
category = "main"
optional = false
python-versions = ">=3.8"

[package.dependencies]
numpy = [
    {version = ">=1.20.3", markers = "python_version < \"3.10\""},
    {version = ">=1.21.0", markers = "python_version >= \"3.10\""},
    {version = ">=1.23.2", markers = "python_version >= \"3.11\""},
]
python-dateutil = ">=2.8.1"
pytz = ">=2020.1"

[package.extras]
test = ["hypothesis (>=5.5.3)", "pytest (>=6.0)", "pytest-xdist (>=1.31)"]

[[package]]
name = "pyqt5"
version = "5.15.7"
description = "Python bindings for the Qt cross platform application toolkit"
category = "main"
optional = false
python-versions = ">=3.7"

[package.dependencies]
PyQt5-Qt5 = ">=5.15.0"
PyQt5-sip = ">=12.11,<13"

[[package]]
name = "pyqt5-qt5"
version = "5.15.2"
description = "The subset of a Qt installation needed by PyQt5."
category = "main"
optional = false
python-versions = "*"

[[package]]
name = "pyqt5-sip"
version = "12.11.0"
description = "The sip module support for PyQt5"
category = "main"
optional = false
python-versions = ">=3.7"

[[package]]
name = "pyserial"
version = "3.5"
description = "Python Serial Port Extension"
category = "main"
optional = false
python-versions = "*"

[package.extras]
cp2110 = ["hidapi"]

[[package]]
name = "python-dateutil"
version = "2.8.2"
description = "Extensions to the standard Python datetime module"
category = "main"
optional = false
python-versions = "!=3.0.*,!=3.1.*,!=3.2.*,>=2.7"

[package.dependencies]
six = ">=1.5"

[[package]]
name = "pytz"
version = "2022.7"
description = "World timezone definitions, modern and historical"
category = "main"
optional = false
python-versions = "*"

[[package]]
name = "six"
version = "1.16.0"
description = "Python 2 and 3 compatibility utilities"
category = "main"
optional = false
python-versions = ">=2.7, !=3.0.*, !=3.1.*, !=3.2.*"

[metadata]
lock-version = "1.1"
python-versions = "^3.8"
content-hash = "803cf8207c6656f593efa0ba32416460ad501f5a1be6a08914492296039848fd"

[metadata.files]
numpy = [
    {file = "numpy-1.24.0-cp310-cp310-macosx_10_9_x86_64.whl", hash = "sha256:6e73a1f4f5b74a42abb55bc2b3d869f1b38cbc8776da5f8b66bf110284f7a437"},
    {file = "numpy-1.24.0-cp310-cp310-macosx_11_0_arm64.whl", hash = "sha256:9387c7d6d50e8f8c31e7bfc034241e9c6f4b3eb5db8d118d6487047b922f82af"},
    {file = "numpy-1.24.0-cp310-cp310-manylinux_2_17_aarch64.manylinux2014_aarch64.whl", hash = "sha256:7ad6a024a32ee61d18f5b402cd02e9c0e22c0fb9dc23751991b3a16d209d972e"},
    {file = "numpy-1.24.0-cp310-cp310-manylinux_2_17_x86_64.manylinux2014_x86_64.whl", hash = "sha256:73cf2c5b5a07450f20a0c8e04d9955491970177dce8df8d6903bf253e53268e0"},
    {file = "numpy-1.24.0-cp310-cp310-win32.whl", hash = "sha256:cec79ff3984b2d1d103183fc4a3361f5b55bbb66cb395cbf5a920a4bb1fd588d"},
    {file = "numpy-1.24.0-cp310-cp310-win_amd64.whl", hash = "sha256:4f5e78b8b710cd7cd1a8145994cfffc6ddd5911669a437777d8cedfce6c83a98"},
    {file = "numpy-1.24.0-cp311-cp311-macosx_10_9_x86_64.whl", hash = "sha256:4445f472b246cad6514cc09fbb5ecb7aab09ca2acc3c16f29f8dca6c468af501"},
    {file = "numpy-1.24.0-cp311-cp311-macosx_11_0_arm64.whl", hash = "sha256:ec3e5e8172a0a6a4f3c2e7423d4a8434c41349141b04744b11a90e017a95bad5"},
    {file = "numpy-1.24.0-cp311-cp311-manylinux_2_17_aarch64.manylinux2014_aarch64.whl", hash = "sha256:f9168790149f917ad8e3cf5047b353fefef753bd50b07c547da0bdf30bc15d91"},
    {file = "numpy-1.24.0-cp311-cp311-manylinux_2_17_x86_64.manylinux2014_x86_64.whl", hash = "sha256:ada6c1e9608ceadaf7020e1deea508b73ace85560a16f51bef26aecb93626a72"},
    {file = "numpy-1.24.0-cp311-cp311-win32.whl", hash = "sha256:f3c4a9a9f92734a4728ddbd331e0124eabbc968a0359a506e8e74a9b0d2d419b"},
    {file = "numpy-1.24.0-cp311-cp311-win_amd64.whl", hash = "sha256:90075ef2c6ac6397d0035bcd8b298b26e481a7035f7a3f382c047eb9c3414db0"},
    {file = "numpy-1.24.0-cp38-cp38-macosx_10_9_x86_64.whl", hash = "sha256:0885d9a7666cafe5f9876c57bfee34226e2b2847bfb94c9505e18d81011e5401"},
    {file = "numpy-1.24.0-cp38-cp38-macosx_11_0_arm64.whl", hash = "sha256:e63d2157f9fc98cc178870db83b0e0c85acdadd598b134b00ebec9e0db57a01f"},
    {file = "numpy-1.24.0-cp38-cp38-manylinux_2_17_aarch64.manylinux2014_aarch64.whl", hash = "sha256:cf8960f72997e56781eb1c2ea256a70124f92a543b384f89e5fb3503a308b1d3"},
    {file = "numpy-1.24.0-cp38-cp38-manylinux_2_17_x86_64.manylinux2014_x86_64.whl", hash = "sha256:2f8e0df2ecc1928ef7256f18e309c9d6229b08b5be859163f5caa59c93d53646"},
    {file = "numpy-1.24.0-cp38-cp38-win32.whl", hash = "sha256:fe44e925c68fb5e8db1334bf30ac1a1b6b963b932a19cf41d2e899cf02f36aab"},
    {file = "numpy-1.24.0-cp38-cp38-win_amd64.whl", hash = "sha256:d7f223554aba7280e6057727333ed357b71b7da7422d02ff5e91b857888c25d1"},
    {file = "numpy-1.24.0-cp39-cp39-macosx_10_9_x86_64.whl", hash = "sha256:ab11f6a7602cf8ea4c093e091938207de3068c5693a0520168ecf4395750f7ea"},
    {file = "numpy-1.24.0-cp39-cp39-macosx_11_0_arm64.whl", hash = "sha256:12bba5561d8118981f2f1ff069ecae200c05d7b6c78a5cdac0911f74bc71cbd1"},
    {file = "numpy-1.24.0-cp39-cp39-manylinux_2_17_aarch64.manylinux2014_aarch64.whl", hash = "sha256:9af91f794d2d3007d91d749ebc955302889261db514eb24caef30e03e8ec1e41"},
    {file = "numpy-1.24.0-cp39-cp39-manylinux_2_17_x86_64.manylinux2014_x86_64.whl", hash = "sha256:8b1ddfac6a82d4f3c8e99436c90b9c2c68c0bb14658d1684cdd00f05fab241f5"},
    {file = "numpy-1.24.0-cp39-cp39-win32.whl", hash = "sha256:ac4fe68f1a5a18136acebd4eff91aab8bed00d1ef2fdb34b5d9192297ffbbdfc"},
    {file = "numpy-1.24.0-cp39-cp39-win_amd64.whl", hash = "sha256:667b5b1f6a352419e340f6475ef9930348ae5cb7fca15f2cc3afcb530823715e"},
    {file = "numpy-1.24.0-pp38-pypy38_pp73-macosx_10_9_x86_64.whl", hash = "sha256:4d01f7832fa319a36fd75ba10ea4027c9338ede875792f7bf617f4b45056fc3a"},
    {file = "numpy-1.24.0-pp38-pypy38_pp73-manylinux_2_17_x86_64.manylinux2014_x86_64.whl", hash = "sha256:dbb0490f0a880700a6cc4d000384baf19c1f4df59fff158d9482d4dbbca2b239"},
    {file = "numpy-1.24.0-pp38-pypy38_pp73-win_amd64.whl", hash = "sha256:0104d8adaa3a4cc60c2777cab5196593bf8a7f416eda133be1f3803dd0838886"},
    {file = "numpy-1.24.0.tar.gz", hash = "sha256:c4ab7c9711fe6b235e86487ca74c1b092a6dd59a3cb45b63241ea0a148501853"},
]
pandas = [
    {file = "pandas-1.5.2-cp310-cp310-macosx_10_9_universal2.whl", hash = "sha256:e9dbacd22555c2d47f262ef96bb4e30880e5956169741400af8b306bbb24a273"},
    {file = "pandas-1.5.2-cp310-cp310-macosx_10_9_x86_64.whl", hash = "sha256:e2b83abd292194f350bb04e188f9379d36b8dfac24dd445d5c87575f3beaf789"},
    {file = "pandas-1.5.2-cp310-cp310-macosx_11_0_arm64.whl", hash = "sha256:2552bffc808641c6eb471e55aa6899fa002ac94e4eebfa9ec058649122db5824"},
    {file = "pandas-1.5.2-cp310-cp310-manylinux_2_17_aarch64.manylinux2014_aarch64.whl", hash = "sha256:1fc87eac0541a7d24648a001d553406f4256e744d92df1df8ebe41829a915028"},
    {file = "pandas-1.5.2-cp310-cp310-manylinux_2_17_x86_64.manylinux2014_x86_64.whl", hash = "sha256:d0d8fd58df5d17ddb8c72a5075d87cd80d71b542571b5f78178fb067fa4e9c72"},
    {file = "pandas-1.5.2-cp310-cp310-win_amd64.whl", hash = "sha256:4aed257c7484d01c9a194d9a94758b37d3d751849c05a0050c087a358c41ad1f"},
    {file = "pandas-1.5.2-cp311-cp311-macosx_10_9_universal2.whl", hash = "sha256:375262829c8c700c3e7cbb336810b94367b9c4889818bbd910d0ecb4e45dc261"},
    {file = "pandas-1.5.2-cp311-cp311-macosx_10_9_x86_64.whl", hash = "sha256:cc3cd122bea268998b79adebbb8343b735a5511ec14efb70a39e7acbc11ccbdc"},
    {file = "pandas-1.5.2-cp311-cp311-macosx_11_0_arm64.whl", hash = "sha256:b4f5a82afa4f1ff482ab8ded2ae8a453a2cdfde2001567b3ca24a4c5c5ca0db3"},
    {file = "pandas-1.5.2-cp311-cp311-manylinux_2_17_aarch64.manylinux2014_aarch64.whl", hash = "sha256:8092a368d3eb7116e270525329a3e5c15ae796ccdf7ccb17839a73b4f5084a39"},
    {file = "pandas-1.5.2-cp311-cp311-manylinux_2_17_x86_64.manylinux2014_x86_64.whl", hash = "sha256:f6257b314fc14958f8122779e5a1557517b0f8e500cfb2bd53fa1f75a8ad0af2"},
    {file = "pandas-1.5.2-cp311-cp311-win_amd64.whl", hash = "sha256:82ae615826da838a8e5d4d630eb70c993ab8636f0eff13cb28aafc4291b632b5"},
    {file = "pandas-1.5.2-cp38-cp38-macosx_10_9_universal2.whl", hash = "sha256:457d8c3d42314ff47cc2d6c54f8fc0d23954b47977b2caed09cd9635cb75388b"},
    {file = "pandas-1.5.2-cp38-cp38-macosx_10_9_x86_64.whl", hash = "sha256:c009a92e81ce836212ce7aa98b219db7961a8b95999b97af566b8dc8c33e9519"},
    {file = "pandas-1.5.2-cp38-cp38-macosx_11_0_arm64.whl", hash = "sha256:71f510b0efe1629bf2f7c0eadb1ff0b9cf611e87b73cd017e6b7d6adb40e2b3a"},
    {file = "pandas-1.5.2-cp38-cp38-manylinux_2_17_aarch64.manylinux2014_aarch64.whl", hash = "sha256:a40dd1e9f22e01e66ed534d6a965eb99546b41d4d52dbdb66565608fde48203f"},
    {file = "pandas-1.5.2-cp38-cp38-manylinux_2_17_x86_64.manylinux2014_x86_64.whl", hash = "sha256:5ae7e989f12628f41e804847a8cc2943d362440132919a69429d4dea1f164da0"},
    {file = "pandas-1.5.2-cp38-cp38-win32.whl", hash = "sha256:530948945e7b6c95e6fa7aa4be2be25764af53fba93fe76d912e35d1c9ee46f5"},
    {file = "pandas-1.5.2-cp38-cp38-win_amd64.whl", hash = "sha256:73f219fdc1777cf3c45fde7f0708732ec6950dfc598afc50588d0d285fddaefc"},
    {file = "pandas-1.5.2-cp39-cp39-macosx_10_9_universal2.whl", hash = "sha256:9608000a5a45f663be6af5c70c3cbe634fa19243e720eb380c0d378666bc7702"},
    {file = "pandas-1.5.2-cp39-cp39-macosx_10_9_x86_64.whl", hash = "sha256:315e19a3e5c2ab47a67467fc0362cb36c7c60a93b6457f675d7d9615edad2ebe"},
    {file = "pandas-1.5.2-cp39-cp39-macosx_11_0_arm64.whl", hash = "sha256:e18bc3764cbb5e118be139b3b611bc3fbc5d3be42a7e827d1096f46087b395eb"},
    {file = "pandas-1.5.2-cp39-cp39-manylinux_2_17_aarch64.manylinux2014_aarch64.whl", hash = "sha256:0183cb04a057cc38fde5244909fca9826d5d57c4a5b7390c0cc3fa7acd9fa883"},
    {file = "pandas-1.5.2-cp39-cp39-manylinux_2_17_x86_64.manylinux2014_x86_64.whl", hash = "sha256:344021ed3e639e017b452aa8f5f6bf38a8806f5852e217a7594417fb9bbfa00e"},
    {file = "pandas-1.5.2-cp39-cp39-win32.whl", hash = "sha256:e7469271497960b6a781eaa930cba8af400dd59b62ec9ca2f4d31a19f2f91090"},
    {file = "pandas-1.5.2-cp39-cp39-win_amd64.whl", hash = "sha256:c218796d59d5abd8780170c937b812c9637e84c32f8271bbf9845970f8c1351f"},
    {file = "pandas-1.5.2.tar.gz", hash = "sha256:220b98d15cee0b2cd839a6358bd1f273d0356bf964c1a1aeb32d47db0215488b"},
]
pyqt5 = [
    {file = "PyQt5-5.15.7-cp37-abi3-macosx_10_13_x86_64.whl", hash = "sha256:1a793748c60d5aff3850b7abf84d47c1d41edb11231b7d7c16bef602c36be643"},
    {file = "PyQt5-5.15.7-cp37-abi3-manylinux1_x86_64.whl", hash = "sha256:e319c9d8639e0729235c1b09c99afdadad96fa3dbd8392ab561b5ab5946ee6ef"},
    {file = "PyQt5-5.15.7-cp37-abi3-win32.whl", hash = "sha256:08694f0a4c7d4f3d36b2311b1920e6283240ad3b7c09b515e08262e195dcdf37"},
    {file = "PyQt5-5.15.7-cp37-abi3-win_amd64.whl", hash = "sha256:232fe5b135a095cbd024cf341d928fc672c963f88e6a52b0c605be8177c2fdb5"},
    {file = "PyQt5-5.15.7.tar.gz", hash = "sha256:755121a52b3a08cb07275c10ebb96576d36e320e572591db16cfdbc558101594"},
]
pyqt5-qt5 = [
    {file = "PyQt5_Qt5-5.15.2-py3-none-macosx_10_13_intel.whl", hash = "sha256:76980cd3d7ae87e3c7a33bfebfaee84448fd650bad6840471d6cae199b56e154"},
    {file = "PyQt5_Qt5-5.15.2-py3-none-manylinux2014_x86_64.whl", hash = "sha256:1988f364ec8caf87a6ee5d5a3a5210d57539988bf8e84714c7d60972692e2f4a"},
    {file = "PyQt5_Qt5-5.15.2-py3-none-win32.whl", hash = "sha256:9cc7a768b1921f4b982ebc00a318ccb38578e44e45316c7a4a850e953e1dd327"},
    {file = "PyQt5_Qt5-5.15.2-py3-none-win_amd64.whl", hash = "sha256:750b78e4dba6bdf1607febedc08738e318ea09e9b10aea9ff0d73073f11f6962"},
]
pyqt5-sip = [
    {file = "PyQt5_sip-12.11.0-cp310-cp310-macosx_10_9_universal2.whl", hash = "sha256:f1f9e312ff8284d6dfebc5366f6f7d103f84eec23a4da0be0482403933e68660"},
    {file = "PyQt5_sip-12.11.0-cp310-cp310-manylinux1_x86_64.whl", hash = "sha256:4031547dfb679be309094bfa79254f5badc5ddbe66b9ad38e319d84a7d612443"},
    {file = "PyQt5_sip-12.11.0-cp310-cp310-win32.whl", hash = "sha256:ad21ca0ee8cae2a41b61fc04949dccfab6fe008749627d94e8c7078cb7a73af1"},
    {file = "PyQt5_sip-12.11.0-cp310-cp310-win_amd64.whl", hash = "sha256:3126c84568ab341c12e46ded2230f62a9a78752a70fdab13713f89a71cd44f73"},
    {file = "PyQt5_sip-12.11.0-cp311-cp311-macosx_10_9_universal2.whl", hash = "sha256:bd733667098cac70e89279d9c239106d543fb480def62a44e6366ccb8f68510b"},
    {file = "PyQt5_sip-12.11.0-cp311-cp311-manylinux_2_5_x86_64.manylinux1_x86_64.whl", hash = "sha256:ec1d8ce50be76c5c1d1c86c6dc0ccacc2446172dde98b663a17871f532f9bd44"},
    {file = "PyQt5_sip-12.11.0-cp311-cp311-win32.whl", hash = "sha256:43dfe6dd409e713edeb67019b85419a7a0dc9923bfc451d6cf3778471c122532"},
    {file = "PyQt5_sip-12.11.0-cp311-cp311-win_amd64.whl", hash = "sha256:afa4ffffc54e306669bf2b66ea37abbc56c5cdda4f3f474d20324e3634302b12"},
    {file = "PyQt5_sip-12.11.0-cp37-cp37m-macosx_10_9_x86_64.whl", hash = "sha256:0f77655c62ec91d47c2c99143f248624d44dd2d8a12d016e7c020508ad418aca"},
    {file = "PyQt5_sip-12.11.0-cp37-cp37m-manylinux1_x86_64.whl", hash = "sha256:ec5e9ef78852e1f96f86d7e15c9215878422b83dde36d44f1539a3062942f19c"},
    {file = "PyQt5_sip-12.11.0-cp37-cp37m-win32.whl", hash = "sha256:d12b81c3a08abf7657a2ebc7d3649852a1f327eb2146ebadf45930486d32e920"},
    {file = "PyQt5_sip-12.11.0-cp37-cp37m-win_amd64.whl", hash = "sha256:b69a1911f768b489846335e31e49eb34795c6b5a038ca24d894d751e3b0b44da"},
    {file = "PyQt5_sip-12.11.0-cp38-cp38-macosx_10_9_x86_64.whl", hash = "sha256:51e377789d59196213eddf458e6927f33ba9d217b614d17d20df16c9a8b2c41c"},
    {file = "PyQt5_sip-12.11.0-cp38-cp38-manylinux1_x86_64.whl", hash = "sha256:4e5c1559311515291ea0ab0635529f14536954e3b973a7c7890ab7e4de1c2c23"},
    {file = "PyQt5_sip-12.11.0-cp38-cp38-win32.whl", hash = "sha256:9bca450c5306890cb002fe36bbca18f979dd9e5b810b766dce8e3ce5e66ba795"},
    {file = "PyQt5_sip-12.11.0-cp38-cp38-win_amd64.whl", hash = "sha256:f6b72035da4e8fecbb0bc4a972e30a5674a9ad5608dbddaa517e983782dbf3bf"},
    {file = "PyQt5_sip-12.11.0-cp39-cp39-macosx_10_9_universal2.whl", hash = "sha256:9356260d4feb60dbac0ab66f8a791a0d2cda1bf98c9dec8e575904a045fbf7c5"},
    {file = "PyQt5_sip-12.11.0-cp39-cp39-manylinux1_x86_64.whl", hash = "sha256:205f3e1b3eea3597d8e878936c1a06e04bd23a59e8b179ee806465d72eea3071"},
    {file = "PyQt5_sip-12.11.0-cp39-cp39-win32.whl", hash = "sha256:686071be054e5be6ca5aaaef7960931d4ba917277e839e2e978c7cbe3f43bb6e"},
    {file = "PyQt5_sip-12.11.0-cp39-cp39-win_amd64.whl", hash = "sha256:42320e7a94b1085ed85d49794ed4ccfe86f1cae80b44a894db908a8aba2bc60e"},
    {file = "PyQt5_sip-12.11.0.tar.gz", hash = "sha256:b4710fd85b57edef716cc55fae45bfd5bfac6fc7ba91036f1dcc3f331ca0eb39"},
]
pyserial = [
    {file = "pyserial-3.5-py2.py3-none-any.whl", hash = "sha256:c4451db6ba391ca6ca299fb3ec7bae67a5c55dde170964c7a14ceefec02f2cf0"},
    {file = "pyserial-3.5.tar.gz", hash = "sha256:3c77e014170dfffbd816e6ffc205e9842efb10be9f58ec16d3e8675b4925cddb"},
]
python-dateutil = [
    {file = "python-dateutil-2.8.2.tar.gz", hash = "sha256:0123cacc1627ae19ddf3c27a5de5bd67ee4586fbdd6440d9748f8abb483d3e86"},
    {file = "python_dateutil-2.8.2-py2.py3-none-any.whl", hash = "sha256:961d03dc3453ebbc59dbdea9e4e11c5651520a876d0f4db161e8674aae935da9"},
]
pytz = [
    {file = "pytz-2022.7-py2.py3-none-any.whl", hash = "sha256:93007def75ae22f7cd991c84e02d434876818661f8df9ad5df9e950ff4e52cfd"},
    {file = "pytz-2022.7.tar.gz", hash = "sha256:7ccfae7b4b2c067464a6733c6261673fdb8fd1be905460396b97a073e9fa683a"},
]
six = [
    {file = "six-1.16.0-py2.py3-none-any.whl", hash = "sha256:8abb2f1d86890a2dfb989f9a77cfcfd3e47c2a354b01111771326f8aa26e0254"},
    {file = "six-1.16.0.tar.gz", hash = "sha256:1e61c37477a1626458e36f7b1d82aa5c9b094fa4802892072e49de9c60c4c926"},
]
